
Microsoft Visual Studio Solution File, Format Version 12.00
# Visual Studio Version 16
VisualStudioVersion = 16.0.30114.105
MinimumVisualStudioVersion = 10.0.40219.1
Project("{FAE04EC0-301F-11D3-BF4B-00C04F79EFBC}") = "WinFormDemo", "WinFormDemo\WinFormDemo.csproj", "{4F3E555F-A749-4D0D-9850-233520237442}"
EndProject
Global
	GlobalSection(SolutionConfigurationPlatforms) = preSolution
		Debug|Any CPU = Debug|Any CPU
		Release|Any CPU = Release|Any CPU
	EndGlobalSection
	GlobalSection(ProjectConfigurationPlatforms) = postSolution
		{4F3E555F-A749-4D0D-9850-233520237442}.Debug|Any CPU.ActiveCfg = Debug|Any CPU
		{4F3E555F-A749-4D0D-9850-233520237442}.Debug|Any CPU.Build.0 = Debug|Any CPU
		{4F3E555F-A749-4D0D-9850-233520237442}.Release|Any CPU.ActiveCfg = Release|Any CPU
		{4F3E555F-A749-4D0D-9850-233520237442}.Release|Any CPU.Build.0 = Release|Any CPU
	EndGlobalSection
	GlobalSection(SolutionProperties) = preSolution
		HideSolutionNode = FALSE
	EndGlobalSection
	GlobalSection(ExtensibilityGlobals) = postSolution
		SolutionGuid = {EC5687D9-A305-4785-92BC-8CFA75DE259D}
	EndGlobalSection
EndGlobal
